
Microsoft Visual Studio Solution File, Format Version 12.00
# Visual Studio Version 17
VisualStudioVersion = 17.10.34928.147
MinimumVisualStudioVersion = 10.0.40219.1
Project("{9A19103F-16F7-4668-BE54-9A1E7A4F7556}") = "BloggingPlatform.API", "BloggingPlatform.API\BloggingPlatform.API.csproj", "{E689B130-D81F-4EE3-B467-185B2AC89768}"
EndProject
Project("{9A19103F-16F7-4668-BE54-9A1E7A4F7556}") = "BloggingPlatform.Application", "BloggingPlatform.Application\BloggingPlatform.Application.csproj", "{30FA45E3-0A3B-47AF-B565-88F63719264F}"
EndProject
Project("{9A19103F-16F7-4668-BE54-9A1E7A4F7556}") = "BloggingPlatform.Domain", "BloggingPlatform.Domain\BloggingPlatform.Domain.csproj", "{68265369-2065-459F-A488-E7FD1ABB689B}"
EndProject
Project("{9A19103F-16F7-4668-BE54-9A1E7A4F7556}") = "BloggingPlatform.Infrastructure", "BloggingPlatform.Infrastructure\BloggingPlatform.Infrastructure.csproj", "{0C30800C-11A1-4E57-A570-B8FF4FE8D616}"
EndProject
Global
	GlobalSection(SolutionConfigurationPlatforms) = preSolution
		Debug|Any CPU = Debug|Any CPU
		Release|Any CPU = Release|Any CPU
	EndGlobalSection
	GlobalSection(ProjectConfigurationPlatforms) = postSolution
		{E689B130-D81F-4EE3-B467-185B2AC89768}.Debug|Any CPU.ActiveCfg = Debug|Any CPU
		{E689B130-D81F-4EE3-B467-185B2AC89768}.Debug|Any CPU.Build.0 = Debug|Any CPU
		{E689B130-D81F-4EE3-B467-185B2AC89768}.Release|Any CPU.ActiveCfg = Release|Any CPU
		{E689B130-D81F-4EE3-B467-185B2AC89768}.Release|Any CPU.Build.0 = Release|Any CPU
		{30FA45E3-0A3B-47AF-B565-88F63719264F}.Debug|Any CPU.ActiveCfg = Debug|Any CPU
		{30FA45E3-0A3B-47AF-B565-88F63719264F}.Debug|Any CPU.Build.0 = Debug|Any CPU
		{30FA45E3-0A3B-47AF-B565-88F63719264F}.Release|Any CPU.ActiveCfg = Release|Any CPU
		{30FA45E3-0A3B-47AF-B565-88F63719264F}.Release|Any CPU.Build.0 = Release|Any CPU
		{68265369-2065-459F-A488-E7FD1ABB689B}.Debug|Any CPU.ActiveCfg = Debug|Any CPU
		{68265369-2065-459F-A488-E7FD1ABB689B}.Debug|Any CPU.Build.0 = Debug|Any CPU
		{68265369-2065-459F-A488-E7FD1ABB689B}.Release|Any CPU.ActiveCfg = Release|Any CPU
		{68265369-2065-459F-A488-E7FD1ABB689B}.Release|Any CPU.Build.0 = Release|Any CPU
		{0C30800C-11A1-4E57-A570-B8FF4FE8D616}.Debug|Any CPU.ActiveCfg = Debug|Any CPU
		{0C30800C-11A1-4E57-A570-B8FF4FE8D616}.Debug|Any CPU.Build.0 = Debug|Any CPU
		{0C30800C-11A1-4E57-A570-B8FF4FE8D616}.Release|Any CPU.ActiveCfg = Release|Any CPU
		{0C30800C-11A1-4E57-A570-B8FF4FE8D616}.Release|Any CPU.Build.0 = Release|Any CPU
	EndGlobalSection
	GlobalSection(SolutionProperties) = preSolution
		HideSolutionNode = FALSE
	EndGlobalSection
	GlobalSection(ExtensibilityGlobals) = postSolution
		SolutionGuid = {503EEFA0-AD94-4359-A5B8-082D025A3B68}
	EndGlobalSection
EndGlobal
